
Microsoft Visual Studio Solution File, Format Version 12.00
# Visual Studio Version 16
VisualStudioVersion = 16.0.31129.286
MinimumVisualStudioVersion = 10.0.40219.1
Project("{FAE04EC0-301F-11D3-BF4B-00C04F79EFBC}") = "CsharpSpanOfT", "CsharpSpanOfT.csproj", "{D15BF354-8876-49EA-8A6C-D6EFCB64BA90}"
EndProject
Global
	GlobalSection(SolutionConfigurationPlatforms) = preSolution
		Debug|Any CPU = Debug|Any CPU
		Release|Any CPU = Release|Any CPU
	EndGlobalSection
	GlobalSection(ProjectConfigurationPlatforms) = postSolution
		{D15BF354-8876-49EA-8A6C-D6EFCB64BA90}.Debug|Any CPU.ActiveCfg = Debug|Any CPU
		{D15BF354-8876-49EA-8A6C-D6EFCB64BA90}.Debug|Any CPU.Build.0 = Debug|Any CPU
		{D15BF354-8876-49EA-8A6C-D6EFCB64BA90}.Release|Any CPU.ActiveCfg = Release|Any CPU
		{D15BF354-8876-49EA-8A6C-D6EFCB64BA90}.Release|Any CPU.Build.0 = Release|Any CPU
	EndGlobalSection
	GlobalSection(SolutionProperties) = preSolution
		HideSolutionNode = FALSE
	EndGlobalSection
	GlobalSection(ExtensibilityGlobals) = postSolution
		SolutionGuid = {5F8D6312-AF3F-4906-BD46-74007DB1F54D}
	EndGlobalSection
EndGlobal
